
Microsoft Visual Studio Solution File, Format Version 12.00
# Visual Studio 15
VisualStudioVersion = 15.0.26124.0
MinimumVisualStudioVersion = 15.0.26124.0
Project("{2150E333-8FDC-42A3-9474-1A3956D46DE8}") = "src", "src", "{36C79322-7383-4222-B149-CB9FDB502C9A}"
EndProject
Project("{2150E333-8FDC-42A3-9474-1A3956D46DE8}") = "test", "test", "{4EB910ED-84AE-46CD-9EC2-E041B22A77B2}"
EndProject
Project("{9A19103F-16F7-4668-BE54-9A1E7A4F7556}") = "FunBooksAndVideos.Api.AcceptanceTests", "test\FunBooksAndVideos.Api.AcceptanceTests\FunBooksAndVideos.Api.AcceptanceTests.csproj", "{45DB04A1-2766-4C03-B3AE-A2EFAE650C82}"
EndProject
Project("{9A19103F-16F7-4668-BE54-9A1E7A4F7556}") = "FunBooksAndVideos.Domain", "src\FunBooksAndVideos.Domain\FunBooksAndVideos.Domain.csproj", "{CE16B03B-D0EE-412B-85D0-05FD318F616A}"
EndProject
Project("{9A19103F-16F7-4668-BE54-9A1E7A4F7556}") = "FunBooksAndVideos.Domain.UnitTests", "test\FunBooksAndVideos.Domain.UnitTests\FunBooksAndVideos.Domain.UnitTests.csproj", "{BCC5F784-678D-4035-BAF3-E7317C67F48E}"
EndProject
Project("{FAE04EC0-301F-11D3-BF4B-00C04F79EFBC}") = "FunBooksAndVideos.Api", "src\FunBooksAndVideos.Api\FunBooksAndVideos.Api.csproj", "{2206F5BE-4663-4A5A-A191-8A5C85FE7B4A}"
EndProject
Global
	GlobalSection(SolutionConfigurationPlatforms) = preSolution
		Debug|Any CPU = Debug|Any CPU
		Debug|x64 = Debug|x64
		Debug|x86 = Debug|x86
		Release|Any CPU = Release|Any CPU
		Release|x64 = Release|x64
		Release|x86 = Release|x86
	EndGlobalSection
	GlobalSection(ProjectConfigurationPlatforms) = postSolution
		{45DB04A1-2766-4C03-B3AE-A2EFAE650C82}.Debug|Any CPU.ActiveCfg = Debug|Any CPU
		{45DB04A1-2766-4C03-B3AE-A2EFAE650C82}.Debug|Any CPU.Build.0 = Debug|Any CPU
		{45DB04A1-2766-4C03-B3AE-A2EFAE650C82}.Debug|x64.ActiveCfg = Debug|Any CPU
		{45DB04A1-2766-4C03-B3AE-A2EFAE650C82}.Debug|x64.Build.0 = Debug|Any CPU
		{45DB04A1-2766-4C03-B3AE-A2EFAE650C82}.Debug|x86.ActiveCfg = Debug|Any CPU
		{45DB04A1-2766-4C03-B3AE-A2EFAE650C82}.Debug|x86.Build.0 = Debug|Any CPU
		{45DB04A1-2766-4C03-B3AE-A2EFAE650C82}.Release|Any CPU.ActiveCfg = Release|Any CPU
		{45DB04A1-2766-4C03-B3AE-A2EFAE650C82}.Release|Any CPU.Build.0 = Release|Any CPU
		{45DB04A1-2766-4C03-B3AE-A2EFAE650C82}.Release|x64.ActiveCfg = Release|Any CPU
		{45DB04A1-2766-4C03-B3AE-A2EFAE650C82}.Release|x64.Build.0 = Release|Any CPU
		{45DB04A1-2766-4C03-B3AE-A2EFAE650C82}.Release|x86.ActiveCfg = Release|Any CPU
		{45DB04A1-2766-4C03-B3AE-A2EFAE650C82}.Release|x86.Build.0 = Release|Any CPU
		{CE16B03B-D0EE-412B-85D0-05FD318F616A}.Debug|Any CPU.ActiveCfg = Debug|Any CPU
		{CE16B03B-D0EE-412B-85D0-05FD318F616A}.Debug|Any CPU.Build.0 = Debug|Any CPU
		{CE16B03B-D0EE-412B-85D0-05FD318F616A}.Debug|x64.ActiveCfg = Debug|Any CPU
		{CE16B03B-D0EE-412B-85D0-05FD318F616A}.Debug|x64.Build.0 = Debug|Any CPU
		{CE16B03B-D0EE-412B-85D0-05FD318F616A}.Debug|x86.ActiveCfg = Debug|Any CPU
		{CE16B03B-D0EE-412B-85D0-05FD318F616A}.Debug|x86.Build.0 = Debug|Any CPU
		{CE16B03B-D0EE-412B-85D0-05FD318F616A}.Release|Any CPU.ActiveCfg = Release|Any CPU
		{CE16B03B-D0EE-412B-85D0-05FD318F616A}.Release|Any CPU.Build.0 = Release|Any CPU
		{CE16B03B-D0EE-412B-85D0-05FD318F616A}.Release|x64.ActiveCfg = Release|Any CPU
		{CE16B03B-D0EE-412B-85D0-05FD318F616A}.Release|x64.Build.0 = Release|Any CPU
		{CE16B03B-D0EE-412B-85D0-05FD318F616A}.Release|x86.ActiveCfg = Release|Any CPU
		{CE16B03B-D0EE-412B-85D0-05FD318F616A}.Release|x86.Build.0 = Release|Any CPU
		{BCC5F784-678D-4035-BAF3-E7317C67F48E}.Debug|Any CPU.ActiveCfg = Debug|Any CPU
		{BCC5F784-678D-4035-BAF3-E7317C67F48E}.Debug|Any CPU.Build.0 = Debug|Any CPU
		{BCC5F784-678D-4035-BAF3-E7317C67F48E}.Debug|x64.ActiveCfg = Debug|Any CPU
		{BCC5F784-678D-4035-BAF3-E7317C67F48E}.Debug|x64.Build.0 = Debug|Any CPU
		{BCC5F784-678D-4035-BAF3-E7317C67F48E}.Debug|x86.ActiveCfg = Debug|Any CPU
		{BCC5F784-678D-4035-BAF3-E7317C67F48E}.Debug|x86.Build.0 = Debug|Any CPU
		{BCC5F784-678D-4035-BAF3-E7317C67F48E}.Release|Any CPU.ActiveCfg = Release|Any CPU
		{BCC5F784-678D-4035-BAF3-E7317C67F48E}.Release|Any CPU.Build.0 = Release|Any CPU
		{BCC5F784-678D-4035-BAF3-E7317C67F48E}.Release|x64.ActiveCfg = Release|Any CPU
		{BCC5F784-678D-4035-BAF3-E7317C67F48E}.Release|x64.Build.0 = Release|Any CPU
		{BCC5F784-678D-4035-BAF3-E7317C67F48E}.Release|x86.ActiveCfg = Release|Any CPU
		{BCC5F784-678D-4035-BAF3-E7317C67F48E}.Release|x86.Build.0 = Release|Any CPU
		{2206F5BE-4663-4A5A-A191-8A5C85FE7B4A}.Debug|Any CPU.ActiveCfg = Debug|Any CPU
		{2206F5BE-4663-4A5A-A191-8A5C85FE7B4A}.Debug|Any CPU.Build.0 = Debug|Any CPU
		{2206F5BE-4663-4A5A-A191-8A5C85FE7B4A}.Debug|x64.ActiveCfg = Debug|Any CPU
		{2206F5BE-4663-4A5A-A191-8A5C85FE7B4A}.Debug|x64.Build.0 = Debug|Any CPU
		{2206F5BE-4663-4A5A-A191-8A5C85FE7B4A}.Debug|x86.ActiveCfg = Debug|Any CPU
		{2206F5BE-4663-4A5A-A191-8A5C85FE7B4A}.Debug|x86.Build.0 = Debug|Any CPU
		{2206F5BE-4663-4A5A-A191-8A5C85FE7B4A}.Release|Any CPU.ActiveCfg = Release|Any CPU
		{2206F5BE-4663-4A5A-A191-8A5C85FE7B4A}.Release|Any CPU.Build.0 = Release|Any CPU
		{2206F5BE-4663-4A5A-A191-8A5C85FE7B4A}.Release|x64.ActiveCfg = Release|Any CPU
		{2206F5BE-4663-4A5A-A191-8A5C85FE7B4A}.Release|x64.Build.0 = Release|Any CPU
		{2206F5BE-4663-4A5A-A191-8A5C85FE7B4A}.Release|x86.ActiveCfg = Release|Any CPU
		{2206F5BE-4663-4A5A-A191-8A5C85FE7B4A}.Release|x86.Build.0 = Release|Any CPU
	EndGlobalSection
	GlobalSection(SolutionProperties) = preSolution
		HideSolutionNode = FALSE
	EndGlobalSection
	GlobalSection(NestedProjects) = preSolution
		{45DB04A1-2766-4C03-B3AE-A2EFAE650C82} = {4EB910ED-84AE-46CD-9EC2-E041B22A77B2}
		{CE16B03B-D0EE-412B-85D0-05FD318F616A} = {36C79322-7383-4222-B149-CB9FDB502C9A}
		{BCC5F784-678D-4035-BAF3-E7317C67F48E} = {4EB910ED-84AE-46CD-9EC2-E041B22A77B2}
		{2206F5BE-4663-4A5A-A191-8A5C85FE7B4A} = {36C79322-7383-4222-B149-CB9FDB502C9A}
	EndGlobalSection
	GlobalSection(ExtensibilityGlobals) = postSolution
		SolutionGuid = {88BA9C4A-356D-4BF0-AE95-3D1490EB2F98}
	EndGlobalSection
EndGlobal
